
Microsoft Visual Studio Solution File, Format Version 12.00
# Visual Studio Version 16
VisualStudioVersion = 16.0.31729.503
MinimumVisualStudioVersion = 10.0.40219.1
Project("{FAE04EC0-301F-11D3-BF4B-00C04F79EFBC}") = "FC2MFTConverter", "FC2MFTConverter\FC2MFTConverter.csproj", "{A8278D11-994B-456D-ADFD-A0EFC3FAF275}"
EndProject
Global
	GlobalSection(SolutionConfigurationPlatforms) = preSolution
		Debug|Any CPU = Debug|Any CPU
		Release|Any CPU = Release|Any CPU
	EndGlobalSection
	GlobalSection(ProjectConfigurationPlatforms) = postSolution
		{A8278D11-994B-456D-ADFD-A0EFC3FAF275}.Debug|Any CPU.ActiveCfg = Debug|Any CPU
		{A8278D11-994B-456D-ADFD-A0EFC3FAF275}.Debug|Any CPU.Build.0 = Debug|Any CPU
		{A8278D11-994B-456D-ADFD-A0EFC3FAF275}.Release|Any CPU.ActiveCfg = Release|Any CPU
		{A8278D11-994B-456D-ADFD-A0EFC3FAF275}.Release|Any CPU.Build.0 = Release|Any CPU
	EndGlobalSection
	GlobalSection(SolutionProperties) = preSolution
		HideSolutionNode = FALSE
	EndGlobalSection
	GlobalSection(ExtensibilityGlobals) = postSolution
		SolutionGuid = {E1615E1D-729E-492B-9140-8C753F9392F2}
	EndGlobalSection
EndGlobal
